
Microsoft Visual Studio Solution File, Format Version 12.00
# Visual Studio Version 17
VisualStudioVersion = 17.4.33213.308
MinimumVisualStudioVersion = 10.0.40219.1
Project("{FAE04EC0-301F-11D3-BF4B-00C04F79EFBC}") = "Mariani_FormAutomobile", "Mariani_FormAutomobile\Mariani_FormAutomobile.csproj", "{21A4EC88-4F3C-48B3-B406-54BD70BA0C19}"
EndProject
Global
	GlobalSection(SolutionConfigurationPlatforms) = preSolution
		Debug|Any CPU = Debug|Any CPU
		Release|Any CPU = Release|Any CPU
	EndGlobalSection
	GlobalSection(ProjectConfigurationPlatforms) = postSolution
		{21A4EC88-4F3C-48B3-B406-54BD70BA0C19}.Debug|Any CPU.ActiveCfg = Debug|Any CPU
		{21A4EC88-4F3C-48B3-B406-54BD70BA0C19}.Debug|Any CPU.Build.0 = Debug|Any CPU
		{21A4EC88-4F3C-48B3-B406-54BD70BA0C19}.Release|Any CPU.ActiveCfg = Release|Any CPU
		{21A4EC88-4F3C-48B3-B406-54BD70BA0C19}.Release|Any CPU.Build.0 = Release|Any CPU
	EndGlobalSection
	GlobalSection(SolutionProperties) = preSolution
		HideSolutionNode = FALSE
	EndGlobalSection
	GlobalSection(ExtensibilityGlobals) = postSolution
		SolutionGuid = {3BE1A047-9703-47E2-A93C-09D15F06BBB2}
	EndGlobalSection
EndGlobal
